// !$*UTF8*$!
{
	archiveVersion = 1;
	classes = {
	};
	objectVersion = 46;
	objects = {

/* Begin PBXBuildFile section */
		EEDAB8911A72F9CB0049303F /* main.m in Sources */ = {isa = PBXBuildFile; fileRef = EEDAB8901A72F9CB0049303F /* main.m */; };
		EEDAB8941A72F9CB0049303F /* AppDelegate.m in Sources */ = {isa = PBXBuildFile; fileRef = EEDAB8931A72F9CB0049303F /* AppDelegate.m */; };
		EEDAB8971A72F9CB0049303F /* ViewController.m in Sources */ = {isa = PBXBuildFile; fileRef = EEDAB8961A72F9CB0049303F /* ViewController.m */; };
		EEDAB89A1A72F9CB0049303F /* Main.storyboard in Resources */ = {isa = PBXBuildFile; fileRef = EEDAB8981A72F9CB0049303F /* Main.storyboard */; };
		EEDAB89C1A72F9CB0049303F /* Images.xcassets in Resources */ = {isa = PBXBuildFile; fileRef = EEDAB89B1A72F9CB0049303F /* Images.xcassets */; };
		EEDAB89F1A72F9CB0049303F /* LaunchScreen.xib in Resources */ = {isa = PBXBuildFile; fileRef = EEDAB89D1A72F9CB0049303F /* LaunchScreen.xib */; };
		EEDAB8AB1A72F9CB0049303F /* WeatherIconsKitExampleTests.m in Sources */ = {isa = PBXBuildFile; fileRef = EEDAB8AA1A72F9CB0049303F /* WeatherIconsKitExampleTests.m */; };
		EEDAB8BB1A72FBCC0049303F /* FAKIcon.m in Sources */ = {isa = PBXBuildFile; fileRef = EEDAB8B61A72FBCC0049303F /* FAKIcon.m */; };
		EEDAB8BD1A72FBCC0049303F /* WIKFontIcon.m in Sources */ = {isa = PBXBuildFile; fileRef = EEDAB8BA1A72FBCC0049303F /* WIKFontIcon.m */; };
		EEDAB8C31A72FEBE0049303F /* IconViewCell.m in Sources */ = {isa = PBXBuildFile; fileRef = EEDAB8C01A72FEBE0049303F /* IconViewCell.m */; };
		EEDAB8C41A72FEBE0049303F /* IconsViewController.m in Sources */ = {isa = PBXBuildFile; fileRef = EEDAB8C21A72FEBE0049303F /* IconsViewController.m */; };
		EEDAB8C61A730BC70049303F /* WeatherIcons-Regular.otf in Resources */ = {isa = PBXBuildFile; fileRef = EEDAB8C51A730BC70049303F /* WeatherIcons-Regular.otf */; };
		EEDAB8C91A7316F40049303F /* UIColor+MLPFlatColors.m in Sources */ = {isa = PBXBuildFile; fileRef = EEDAB8C81A7316F40049303F /* UIColor+MLPFlatColors.m */; };
/* End PBXBuildFile section */

/* Begin PBXContainerItemProxy section */
		EEDAB8A51A72F9CB0049303F /* PBXContainerItemProxy */ = {
			isa = PBXContainerItemProxy;
			containerPortal = EEDAB8831A72F9CB0049303F /* Project object */;
			proxyType = 1;
			remoteGlobalIDString = EEDAB88A1A72F9CB0049303F;
			remoteInfo = WeatherIconsKitExample;
		};
/* End PBXContainerItemProxy section */

/* Begin PBXFileReference section */
		EEDAB88B1A72F9CB0049303F /* WeatherIconsKitExample.app */ = {isa = PBXFileReference; explicitFileType = wrapper.application; includeInIndex = 0; path = WeatherIconsKitExample.app; sourceTree = BUILT_PRODUCTS_DIR; };
		EEDAB88F1A72F9CB0049303F /* Info.plist */ = {isa = PBXFileReference; lastKnownFileType = text.plist.xml; path = Info.plist; sourceTree = "<group>"; };
		EEDAB8901A72F9CB0049303F /* main.m */ = {isa = PBXFileReference; lastKnownFileType = sourcecode.c.objc; path = main.m; sourceTree = "<group>"; };
		EEDAB8921A72F9CB0049303F /* AppDelegate.h */ = {isa = PBXFileReference; lastKnownFileType = sourcecode.c.h; path = AppDelegate.h; sourceTree = "<group>"; };
		EEDAB8931A72F9CB0049303F /* AppDelegate.m */ = {isa = PBXFileReference; lastKnownFileType = sourcecode.c.objc; path = AppDelegate.m; sourceTree = "<group>"; };
		EEDAB8951A72F9CB0049303F /* ViewController.h */ = {isa = PBXFileReference; lastKnownFileType = sourcecode.c.h; path = ViewController.h; sourceTree = "<group>"; };
		EEDAB8961A72F9CB0049303F /* ViewController.m */ = {isa = PBXFileReference; lastKnownFileType = sourcecode.c.objc; path = ViewController.m; sourceTree = "<group>"; };
		EEDAB8991A72F9CB0049303F /* Base */ = {isa = PBXFileReference; lastKnownFileType = file.storyboard; name = Base; path = Base.lproj/Main.storyboard; sourceTree = "<group>"; };
		EEDAB89B1A72F9CB0049303F /* Images.xcassets */ = {isa = PBXFileReference; lastKnownFileType = folder.assetcatalog; path = Images.xcassets; sourceTree = "<group>"; };
		EEDAB89E1A72F9CB0049303F /* Base */ = {isa = PBXFileReference; lastKnownFileType = file.xib; name = Base; path = Base.lproj/LaunchScreen.xib; sourceTree = "<group>"; };
		EEDAB8A41A72F9CB0049303F /* WeatherIconsKitExampleTests.xctest */ = {isa = PBXFileReference; explicitFileType = wrapper.cfbundle; includeInIndex = 0; path = WeatherIconsKitExampleTests.xctest; sourceTree = BUILT_PRODUCTS_DIR; };
		EEDAB8A91A72F9CB0049303F /* Info.plist */ = {isa = PBXFileReference; lastKnownFileType = text.plist.xml; path = Info.plist; sourceTree = "<group>"; };
		EEDAB8AA1A72F9CB0049303F /* WeatherIconsKitExampleTests.m */ = {isa = PBXFileReference; lastKnownFileType = sourcecode.c.objc; path = WeatherIconsKitExampleTests.m; sourceTree = "<group>"; };
		EEDAB8B51A72FBCC0049303F /* FAKIcon.h */ = {isa = PBXFileReference; fileEncoding = 4; lastKnownFileType = sourcecode.c.h; path = FAKIcon.h; sourceTree = "<group>"; };
		EEDAB8B61A72FBCC0049303F /* FAKIcon.m */ = {isa = PBXFileReference; fileEncoding = 4; lastKnownFileType = sourcecode.c.objc; path = FAKIcon.m; sourceTree = "<group>"; };
		EEDAB8B81A72FBCC0049303F /* WeatherIconsKit.h */ = {isa = PBXFileReference; fileEncoding = 4; lastKnownFileType = sourcecode.c.h; path = WeatherIconsKit.h; sourceTree = "<group>"; };
		EEDAB8B91A72FBCC0049303F /* WIKFontIcon.h */ = {isa = PBXFileReference; fileEncoding = 4; lastKnownFileType = sourcecode.c.h; path = WIKFontIcon.h; sourceTree = "<group>"; };
		EEDAB8BA1A72FBCC0049303F /* WIKFontIcon.m */ = {isa = PBXFileReference; fileEncoding = 4; lastKnownFileType = sourcecode.c.objc; path = WIKFontIcon.m; sourceTree = "<group>"; };
		EEDAB8BF1A72FEBE0049303F /* IconViewCell.h */ = {isa = PBXFileReference; fileEncoding = 4; lastKnownFileType = sourcecode.c.h; path = IconViewCell.h; sourceTree = "<group>"; };
		EEDAB8C01A72FEBE0049303F /* IconViewCell.m */ = {isa = PBXFileReference; fileEncoding = 4; lastKnownFileType = sourcecode.c.objc; path = IconViewCell.m; sourceTree = "<group>"; };
		EEDAB8C11A72FEBE0049303F /* IconsViewController.h */ = {isa = PBXFileReference; fileEncoding = 4; lastKnownFileType = sourcecode.c.h; path = IconsViewController.h; sourceTree = "<group>"; };
		EEDAB8C21A72FEBE0049303F /* IconsViewController.m */ = {isa = PBXFileReference; fileEncoding = 4; lastKnownFileType = sourcecode.c.objc; path = IconsViewController.m; sourceTree = "<group>"; };
		EEDAB8C51A730BC70049303F /* WeatherIcons-Regular.otf */ = {isa = PBXFileReference; lastKnownFileType = file; path = "WeatherIcons-Regular.otf"; sourceTree = "<group>"; };
		EEDAB8C71A7316F40049303F /* UIColor+MLPFlatColors.h */ = {isa = PBXFileReference; fileEncoding = 4; lastKnownFileType = sourcecode.c.h; path = "UIColor+MLPFlatColors.h"; sourceTree = "<group>"; };
		EEDAB8C81A7316F40049303F /* UIColor+MLPFlatColors.m */ = {isa = PBXFileReference; fileEncoding = 4; lastKnownFileType = sourcecode.c.objc; path = "UIColor+MLPFlatColors.m"; sourceTree = "<group>"; };
/* End PBXFileReference section */

/* Begin PBXFrameworksBuildPhase section */
		EEDAB8881A72F9CB0049303F /* Frameworks */ = {
			isa = PBXFrameworksBuildPhase;
			buildActionMask = 2147483647;
			files = (
			);
			runOnlyForDeploymentPostprocessing = 0;
		};
		EEDAB8A11A72F9CB0049303F /* Frameworks */ = {
			isa = PBXFrameworksBuildPhase;
			buildActionMask = 2147483647;
			files = (
			);
			runOnlyForDeploymentPostprocessing = 0;
		};
/* End PBXFrameworksBuildPhase section */

/* Begin PBXGroup section */
		EEDAB8821A72F9CB0049303F = {
			isa = PBXGroup;
			children = (
				EEDAB88D1A72F9CB0049303F /* WeatherIconsKitExample */,
				EEDAB8A71A72F9CB0049303F /* WeatherIconsKitExampleTests */,
				EEDAB88C1A72F9CB0049303F /* Products */,
			);
			sourceTree = "<group>";
		};
		EEDAB88C1A72F9CB0049303F /* Products */ = {
			isa = PBXGroup;
			children = (
				EEDAB88B1A72F9CB0049303F /* WeatherIconsKitExample.app */,
				EEDAB8A41A72F9CB0049303F /* WeatherIconsKitExampleTests.xctest */,
			);
			name = Products;
			sourceTree = "<group>";
		};
		EEDAB88D1A72F9CB0049303F /* WeatherIconsKitExample */ = {
			isa = PBXGroup;
			children = (
				EEDAB8BE1A72FEBE0049303F /* CollectionView */,
				EEDAB8B41A72FBCC0049303F /* WeatherIconsKit */,
				EEDAB8921A72F9CB0049303F /* AppDelegate.h */,
				EEDAB8931A72F9CB0049303F /* AppDelegate.m */,
				EEDAB8951A72F9CB0049303F /* ViewController.h */,
				EEDAB8961A72F9CB0049303F /* ViewController.m */,
				EEDAB8981A72F9CB0049303F /* Main.storyboard */,
				EEDAB89B1A72F9CB0049303F /* Images.xcassets */,
				EEDAB89D1A72F9CB0049303F /* LaunchScreen.xib */,
				EEDAB88E1A72F9CB0049303F /* Supporting Files */,
			);
			path = WeatherIconsKitExample;
			sourceTree = "<group>";
		};
		EEDAB88E1A72F9CB0049303F /* Supporting Files */ = {
			isa = PBXGroup;
			children = (
				EEDAB88F1A72F9CB0049303F /* Info.plist */,
				EEDAB8901A72F9CB0049303F /* main.m */,
			);
			name = "Supporting Files";
			sourceTree = "<group>";
		};
		EEDAB8A71A72F9CB0049303F /* WeatherIconsKitExampleTests */ = {
			isa = PBXGroup;
			children = (
				EEDAB8AA1A72F9CB0049303F /* WeatherIconsKitExampleTests.m */,
				EEDAB8A81A72F9CB0049303F /* Supporting Files */,
			);
			path = WeatherIconsKitExampleTests;
			sourceTree = "<group>";
		};
		EEDAB8A81A72F9CB0049303F /* Supporting Files */ = {
			isa = PBXGroup;
			children = (
				EEDAB8A91A72F9CB0049303F /* Info.plist */,
			);
			name = "Supporting Files";
			sourceTree = "<group>";
		};
		EEDAB8B41A72FBCC0049303F /* WeatherIconsKit */ = {
			isa = PBXGroup;
			children = (
				EEDAB8C51A730BC70049303F /* WeatherIcons-Regular.otf */,
				EEDAB8B51A72FBCC0049303F /* FAKIcon.h */,
				EEDAB8B61A72FBCC0049303F /* FAKIcon.m */,
				EEDAB8B81A72FBCC0049303F /* WeatherIconsKit.h */,
				EEDAB8B91A72FBCC0049303F /* WIKFontIcon.h */,
				EEDAB8BA1A72FBCC0049303F /* WIKFontIcon.m */,
			);
			name = WeatherIconsKit;
			path = ../../WeatherIconsKit;
			sourceTree = "<group>";
		};
		EEDAB8BE1A72FEBE0049303F /* CollectionView */ = {
			isa = PBXGroup;
			children = (
				EEDAB8C71A7316F40049303F /* UIColor+MLPFlatColors.h */,
				EEDAB8C81A7316F40049303F /* UIColor+MLPFlatColors.m */,
				EEDAB8BF1A72FEBE0049303F /* IconViewCell.h */,
				EEDAB8C01A72FEBE0049303F /* IconViewCell.m */,
				EEDAB8C11A72FEBE0049303F /* IconsViewController.h */,
				EEDAB8C21A72FEBE0049303F /* IconsViewController.m */,
			);
			path = CollectionView;
			sourceTree = "<group>";
		};
/* End PBXGroup section */

/* Begin PBXNativeTarget section */
		EEDAB88A1A72F9CB0049303F /* WeatherIconsKitExample */ = {
			isa = PBXNativeTarget;
			buildConfigurationList = EEDAB8AE1A72F9CB0049303F /* Build configuration list for PBXNativeTarget "WeatherIconsKitExample" */;
			buildPhases = (
				EEDAB8871A72F9CB0049303F /* Sources */,
				EEDAB8881A72F9CB0049303F /* Frameworks */,
				EEDAB8891A72F9CB0049303F /* Resources */,
			);
			buildRules = (
			);
			dependencies = (
			);
			name = WeatherIconsKitExample;
			productName = WeatherIconsKitExample;
			productReference = EEDAB88B1A72F9CB0049303F /* WeatherIconsKitExample.app */;
			productType = "com.apple.product-type.application";
		};
		EEDAB8A31A72F9CB0049303F /* WeatherIconsKitExampleTests */ = {
			isa = PBXNativeTarget;
			buildConfigurationList = EEDAB8B11A72F9CB0049303F /* Build configuration list for PBXNativeTarget "WeatherIconsKitExampleTests" */;
			buildPhases = (
				EEDAB8A01A72F9CB0049303F /* Sources */,
				EEDAB8A11A72F9CB0049303F /* Frameworks */,
				EEDAB8A21A72F9CB0049303F /* Resources */,
			);
			buildRules = (
			);
			dependencies = (
				EEDAB8A61A72F9CB0049303F /* PBXTargetDependency */,
			);
			name = WeatherIconsKitExampleTests;
			productName = WeatherIconsKitExampleTests;
			productReference = EEDAB8A41A72F9CB0049303F /* WeatherIconsKitExampleTests.xctest */;
			productType = "com.apple.product-type.bundle.unit-test";
		};
/* End PBXNativeTarget section */

/* Begin PBXProject section */
		EEDAB8831A72F9CB0049303F /* Project object */ = {
			isa = PBXProject;
			attributes = {
				LastUpgradeCheck = 0610;
				ORGANIZATIONNAME = "Effective Code Ltd";
				TargetAttributes = {
					EEDAB88A1A72F9CB0049303F = {
						CreatedOnToolsVersion = 6.1.1;
					};
					EEDAB8A31A72F9CB0049303F = {
						CreatedOnToolsVersion = 6.1.1;
						TestTargetID = EEDAB88A1A72F9CB0049303F;
					};
				};
			};
			buildConfigurationList = EEDAB8861A72F9CB0049303F /* Build configuration list for PBXProject "WeatherIconsKitExample" */;
			compatibilityVersion = "Xcode 3.2";
			developmentRegion = English;
			hasScannedForEncodings = 0;
			knownRegions = (
				en,
				Base,
			);
			mainGroup = EEDAB8821A72F9CB0049303F;
			productRefGroup = EEDAB88C1A72F9CB0049303F /* Products */;
			projectDirPath = "";
			projectRoot = "";
			targets = (
				EEDAB88A1A72F9CB0049303F /* WeatherIconsKitExample */,
				EEDAB8A31A72F9CB0049303F /* WeatherIconsKitExampleTests */,
			);
		};
/* End PBXProject section */

/* Begin PBXResourcesBuildPhase section */
		EEDAB8891A72F9CB0049303F /* Resources */ = {
			isa = PBXResourcesBuildPhase;
			buildActionMask = 2147483647;
			files = (
				EEDAB8C61A730BC70049303F /* WeatherIcons-Regular.otf in Resources */,
				EEDAB89A1A72F9CB0049303F /* Main.storyboard in Resources */,
				EEDAB89F1A72F9CB0049303F /* LaunchScreen.xib in Resources */,
				EEDAB89C1A72F9CB0049303F /* Images.xcassets in Resources */,
			);
			runOnlyForDeploymentPostprocessing = 0;
		};
		EEDAB8A21A72F9CB0049303F /* Resources */ = {
			isa = PBXResourcesBuildPhase;
			buildActionMask = 2147483647;
			files = (
			);
			runOnlyForDeploymentPostprocessing = 0;
		};
/* End PBXResourcesBuildPhase section */

/* Begin PBXSourcesBuildPhase section */
		EEDAB8871A72F9CB0049303F /* Sources */ = {
			isa = PBXSourcesBuildPhase;
			buildActionMask = 2147483647;
			files = (
				EEDAB8BD1A72FBCC0049303F /* WIKFontIcon.m in Sources */,
				EEDAB8C31A72FEBE0049303F /* IconViewCell.m in Sources */,
				EEDAB8971A72F9CB0049303F /* ViewController.m in Sources */,
				EEDAB8941A72F9CB0049303F /* AppDelegate.m in Sources */,
				EEDAB8C91A7316F40049303F /* UIColor+MLPFlatColors.m in Sources */,
				EEDAB8911A72F9CB0049303F /* main.m in Sources */,
				EEDAB8C41A72FEBE0049303F /* IconsViewController.m in Sources */,
				EEDAB8BB1A72FBCC0049303F /* FAKIcon.m in Sources */,
			);
			runOnlyForDeploymentPostprocessing = 0;
		};
		EEDAB8A01A72F9CB0049303F /* Sources */ = {
			isa = PBXSourcesBuildPhase;
			buildActionMask = 2147483647;
			files = (
				EEDAB8AB1A72F9CB0049303F /* WeatherIconsKitExampleTests.m in Sources */,
			);
			runOnlyForDeploymentPostprocessing = 0;
		};
/* End PBXSourcesBuildPhase section */

/* Begin PBXTargetDependency section */
		EEDAB8A61A72F9CB0049303F /* PBXTargetDependency */ = {
			isa = PBXTargetDependency;
			target = EEDAB88A1A72F9CB0049303F /* WeatherIconsKitExample */;
			targetProxy = EEDAB8A51A72F9CB0049303F /* PBXContainerItemProxy */;
		};
/* End PBXTargetDependency section */

/* Begin PBXVariantGroup section */
		EEDAB8981A72F9CB0049303F /* Main.storyboard */ = {
			isa = PBXVariantGroup;
			children = (
				EEDAB8991A72F9CB0049303F /* Base */,
			);
			name = Main.storyboard;
			sourceTree = "<group>";
		};
		EEDAB89D1A72F9CB0049303F /* LaunchScreen.xib */ = {
			isa = PBXVariantGroup;
			children = (
				EEDAB89E1A72F9CB0049303F /* Base */,
			);
			name = LaunchScreen.xib;
			sourceTree = "<group>";
		};
/* End PBXVariantGroup section */

/* Begin XCBuildConfiguration section */
		EEDAB8AC1A72F9CB0049303F /* Debug */ = {
			isa = XCBuildConfiguration;
			buildSettings = {
				ALWAYS_SEARCH_USER_PATHS = NO;
				CLANG_CXX_LANGUAGE_STANDARD = "gnu++0x";
				CLANG_CXX_LIBRARY = "libc++";
				CLANG_ENABLE_MODULES = YES;
				CLANG_ENABLE_OBJC_ARC = YES;
				CLANG_WARN_BOOL_CONVERSION = YES;
				CLANG_WARN_CONSTANT_CONVERSION = YES;
				CLANG_WARN_DIRECT_OBJC_ISA_USAGE = YES_ERROR;
				CLANG_WARN_EMPTY_BODY = YES;
				CLANG_WARN_ENUM_CONVERSION = YES;
				CLANG_WARN_INT_CONVERSION = YES;
				CLANG_WARN_OBJC_ROOT_CLASS = YES_ERROR;
				CLANG_WARN_UNREACHABLE_CODE = YES;
				CLANG_WARN__DUPLICATE_METHOD_MATCH = YES;
				"CODE_SIGN_IDENTITY[sdk=iphoneos*]" = "iPhone Developer";
				COPY_PHASE_STRIP = NO;
				ENABLE_STRICT_OBJC_MSGSEND = YES;
				GCC_C_LANGUAGE_STANDARD = gnu99;
				GCC_DYNAMIC_NO_PIC = NO;
				GCC_OPTIMIZATION_LEVEL = 0;
				GCC_PREPROCESSOR_DEFINITIONS = (
					"DEBUG=1",
					"$(inherited)",
				);
				GCC_SYMBOLS_PRIVATE_EXTERN = NO;
				GCC_WARN_64_TO_32_BIT_CONVERSION = YES;
				GCC_WARN_ABOUT_RETURN_TYPE = YES_ERROR;
				GCC_WARN_UNDECLARED_SELECTOR = YES;
				GCC_WARN_UNINITIALIZED_AUTOS = YES_AGGRESSIVE;
				GCC_WARN_UNUSED_FUNCTION = YES;
				GCC_WARN_UNUSED_VARIABLE = YES;
				IPHONEOS_DEPLOYMENT_TARGET = 8.1;
				MTL_ENABLE_DEBUG_INFO = YES;
				ONLY_ACTIVE_ARCH = YES;
				SDKROOT = iphoneos;
			};
			name = Debug;
		};
		EEDAB8AD1A72F9CB0049303F /* Release */ = {
			isa = XCBuildConfiguration;
			buildSettings = {
				ALWAYS_SEARCH_USER_PATHS = NO;
				CLANG_CXX_LANGUAGE_STANDARD = "gnu++0x";
				CLANG_CXX_LIBRARY = "libc++";
				CLANG_ENABLE_MODULES = YES;
				CLANG_ENABLE_OBJC_ARC = YES;
				CLANG_WARN_BOOL_CONVERSION = YES;
				CLANG_WARN_CONSTANT_CONVERSION = YES;
				CLANG_WARN_DIRECT_OBJC_ISA_USAGE = YES_ERROR;
				CLANG_WARN_EMPTY_BODY = YES;
				CLANG_WARN_ENUM_CONVERSION = YES;
				CLANG_WARN_INT_CONVERSION = YES;
				CLANG_WARN_OBJC_ROOT_CLASS = YES_ERROR;
				CLANG_WARN_UNREACHABLE_CODE = YES;
				CLANG_WARN__DUPLICATE_METHOD_MATCH = YES;
				"CODE_SIGN_IDENTITY[sdk=iphoneos*]" = "iPhone Developer";
				COPY_PHASE_STRIP = YES;
				ENABLE_NS_ASSERTIONS = NO;
				ENABLE_STRICT_OBJC_MSGSEND = YES;
				GCC_C_LANGUAGE_STANDARD = gnu99;
				GCC_WARN_64_TO_32_BIT_CONVERSION = YES;
				GCC_WARN_ABOUT_RETURN_TYPE = YES_ERROR;
				GCC_WARN_UNDECLARED_SELECTOR = YES;
				GCC_WARN_UNINITIALIZED_AUTOS = YES_AGGRESSIVE;
				GCC_WARN_UNUSED_FUNCTION = YES;
				GCC_WARN_UNUSED_VARIABLE = YES;
				IPHONEOS_DEPLOYMENT_TARGET = 8.1;
				MTL_ENABLE_DEBUG_INFO = NO;
				SDKROOT = iphoneos;
				VALIDATE_PRODUCT = YES;
			};
			name = Release;
		};
		EEDAB8AF1A72F9CB0049303F /* Debug */ = {
			isa = XCBuildConfiguration;
			buildSettings = {
				ASSETCATALOG_COMPILER_APPICON_NAME = AppIcon;
				INFOPLIST_FILE = WeatherIconsKitExample/Info.plist;
				LD_RUNPATH_SEARCH_PATHS = "$(inherited) @executable_path/Frameworks";
				PRODUCT_NAME = "$(TARGET_NAME)";
			};
			name = Debug;
		};
		EEDAB8B01A72F9CB0049303F /* Release */ = {
			isa = XCBuildConfiguration;
			buildSettings = {
				ASSETCATALOG_COMPILER_APPICON_NAME = AppIcon;
				INFOPLIST_FILE = WeatherIconsKitExample/Info.plist;
				LD_RUNPATH_SEARCH_PATHS = "$(inherited) @executable_path/Frameworks";
				PRODUCT_NAME = "$(TARGET_NAME)";
			};
			name = Release;
		};
		EEDAB8B21A72F9CB0049303F /* Debug */ = {
			isa = XCBuildConfiguration;
			buildSettings = {
				BUNDLE_LOADER = "$(TEST_HOST)";
				FRAMEWORK_SEARCH_PATHS = (
					"$(SDKROOT)/Developer/Library/Frameworks",
					"$(inherited)",
				);
				GCC_PREPROCESSOR_DEFINITIONS = (
					"DEBUG=1",
					"$(inherited)",
				);
				INFOPLIST_FILE = WeatherIconsKitExampleTests/Info.plist;
				LD_RUNPATH_SEARCH_PATHS = "$(inherited) @executable_path/Frameworks @loader_path/Frameworks";
				PRODUCT_NAME = "$(TARGET_NAME)";
				TEST_HOST = "$(BUILT_PRODUCTS_DIR)/WeatherIconsKitExample.app/WeatherIconsKitExample";
			};
			name = Debug;
		};
		EEDAB8B31A72F9CB0049303F /* Release */ = {
			isa = XCBuildConfiguration;
			buildSettings = {
				BUNDLE_LOADER = "$(TEST_HOST)";
				FRAMEWORK_SEARCH_PATHS = (
					"$(SDKROOT)/Developer/Library/Frameworks",
					"$(inherited)",
				);
				INFOPLIST_FILE = WeatherIconsKitExampleTests/Info.plist;
				LD_RUNPATH_SEARCH_PATHS = "$(inherited) @executable_path/Frameworks @loader_path/Frameworks";
				PRODUCT_NAME = "$(TARGET_NAME)";
				TEST_HOST = "$(BUILT_PRODUCTS_DIR)/WeatherIconsKitExample.app/WeatherIconsKitExample";
			};
			name = Release;
		};
/* End XCBuildConfiguration section */

/* Begin XCConfigurationList section */
		EEDAB8861A72F9CB0049303F /* Build configuration list for PBXProject "WeatherIconsKitExample" */ = {
			isa = XCConfigurationList;
			buildConfigurations = (
				EEDAB8AC1A72F9CB0049303F /* Debug */,
				EEDAB8AD1A72F9CB0049303F /* Release */,
			);
			defaultConfigurationIsVisible = 0;
			defaultConfigurationName = Release;
		};
		EEDAB8AE1A72F9CB0049303F /* Build configuration list for PBXNativeTarget "WeatherIconsKitExample" */ = {
			isa = XCConfigurationList;
			buildConfigurations = (
				EEDAB8AF1A72F9CB0049303F /* Debug */,
				EEDAB8B01A72F9CB0049303F /* Release */,
			);
			defaultConfigurationIsVisible = 0;
		};
		EEDAB8B11A72F9CB0049303F /* Build configuration list for PBXNativeTarget "WeatherIconsKitExampleTests" */ = {
			isa = XCConfigurationList;
			buildConfigurations = (
				EEDAB8B21A72F9CB0049303F /* Debug */,
				EEDAB8B31A72F9CB0049303F /* Release */,
			);
			defaultConfigurationIsVisible = 0;
		};
/* End XCConfigurationList section */
	};
	rootObject = EEDAB8831A72F9CB0049303F /* Project object */;
}
